{
  "version": 4,
  "terraform_version": "1.8.0",
  "serial": 21,
  "lineage": "338c9861-d53c-0226-2d31-53515703aa5d",
  "outputs": {
    "terrraform-first-repo-cicd-pipline-url": {
      "value": "https://github.com/siddique670/Repo-Created-By-Terraform-Pipeline",
      "type": "string"
    }
  },
  "resources": [
    {
      "mode": "managed",
      "type": "github_repository",
      "name": "terrraform-first-repo-cicd-pipline",
      "provider": "provider[\"registry.terraform.io/hashicorp/github\"]",
      "instances": [
        {
          "schema_version": 1,
          "attributes": {
            "allow_auto_merge": false,
            "allow_merge_commit": true,
            "allow_rebase_merge": true,
            "allow_squash_merge": true,
            "allow_update_branch": false,
            "archive_on_destroy": null,
            "archived": false,
            "auto_init": true,
            "default_branch": "main",
            "delete_branch_on_merge": false,
            "description": "This repository is created for save cicd repo/code",
            "etag": "W/\"5ded0d51dd2a5145c6c397e0081a373501dbf5c833e204c33b3688cca5a53417\"",
            "full_name": "siddique670/Repo-Created-By-Terraform-Pipeline",
            "git_clone_url": "git://github.com/siddique670/Repo-Created-By-Terraform-Pipeline.git",
            "gitignore_template": null,
            "has_discussions": false,
            "has_downloads": false,
            "has_issues": false,
            "has_projects": false,
            "has_wiki": false,
            "homepage_url": "",
            "html_url": "https://github.com/siddique670/Repo-Created-By-Terraform-Pipeline",
            "http_clone_url": "https://github.com/siddique670/Repo-Created-By-Terraform-Pipeline.git",
            "id": "Repo-Created-By-Terraform-Pipeline",
            "ignore_vulnerability_alerts_during_read": null,
            "is_template": false,
            "license_template": null,
            "merge_commit_message": "PR_TITLE",
            "merge_commit_title": "MERGE_MESSAGE",
            "name": "Repo-Created-By-Terraform-Pipeline",
            "node_id": "R_kgDOL8B4YQ",
            "pages": [],
            "primary_language": "",
            "private": false,
            "repo_id": 801142881,
            "security_and_analysis": [
              {
                "advanced_security": [],
                "secret_scanning": [
                  {
                    "status": "enabled"
                  }
                ],
                "secret_scanning_push_protection": [
                  {
                    "status": "enabled"
                  }
                ]
              }
            ],
            "squash_merge_commit_message": "COMMIT_MESSAGES",
            "squash_merge_commit_title": "COMMIT_OR_PR_TITLE",
            "ssh_clone_url": "git@github.com:siddique670/Repo-Created-By-Terraform-Pipeline.git",
            "svn_url": "https://github.com/siddique670/Repo-Created-By-Terraform-Pipeline",
            "template": [],
            "topics": [],
            "visibility": "public",
            "vulnerability_alerts": false,
            "web_commit_signoff_required": false
          },
          "sensitive_attributes": [],
          "private": "eyJzY2hlbWFfdmVyc2lvbiI6IjEifQ=="
        }
      ]
    }
  ],
  "check_results": null
}
